
Microsoft Visual Studio Solution File, Format Version 12.00
Project("{FAE04EC0-301F-11D3-BF4B-00C04F79EFBC}") = "DotNetRuServerHipstaMVP.Api", "DotNetRuServerHipstaMVP.Api\DotNetRuServerHipstaMVP.Api.csproj", "{0CA767D0-3AE3-446B-A793-9EE11BE12F76}"
EndProject
Project("{FAE04EC0-301F-11D3-BF4B-00C04F79EFBC}") = "DotNetRuServerHipstaMVP.Domain", "DotNetRuServerHipstaMVP.Domain\DotNetRuServerHipstaMVP.Domain.csproj", "{F7F61475-18EA-4977-B197-284397745211}"
EndProject
Global
	GlobalSection(SolutionConfigurationPlatforms) = preSolution
		Debug|Any CPU = Debug|Any CPU
		Release|Any CPU = Release|Any CPU
	EndGlobalSection
	GlobalSection(ProjectConfigurationPlatforms) = postSolution
		{0CA767D0-3AE3-446B-A793-9EE11BE12F76}.Debug|Any CPU.ActiveCfg = Debug|Any CPU
		{0CA767D0-3AE3-446B-A793-9EE11BE12F76}.Debug|Any CPU.Build.0 = Debug|Any CPU
		{0CA767D0-3AE3-446B-A793-9EE11BE12F76}.Release|Any CPU.ActiveCfg = Release|Any CPU
		{0CA767D0-3AE3-446B-A793-9EE11BE12F76}.Release|Any CPU.Build.0 = Release|Any CPU
		{F7F61475-18EA-4977-B197-284397745211}.Debug|Any CPU.ActiveCfg = Debug|Any CPU
		{F7F61475-18EA-4977-B197-284397745211}.Debug|Any CPU.Build.0 = Debug|Any CPU
		{F7F61475-18EA-4977-B197-284397745211}.Release|Any CPU.ActiveCfg = Release|Any CPU
		{F7F61475-18EA-4977-B197-284397745211}.Release|Any CPU.Build.0 = Release|Any CPU
	EndGlobalSection
EndGlobal
